
Microsoft Visual Studio Solution File, Format Version 12.00
# 
MinimumVisualStudioVersion = 10.0.40219.1
VisualStudioVersion = 15.0.27009.1
Project("{FAE04EC0-301F-11D3-BF4B-00C04F79EFBC}") = "ButtonExample", "ButtonExample\ButtonExample.csproj", "{1F573F85-4D69-45A0-8B2C-99D02EB91A11}"
EndProject
Global
	GlobalSection(SolutionConfigurationPlatforms) = preSolution
		Debug|Any CPU = Debug|Any CPU
		Release|Any CPU = Release|Any CPU
	EndGlobalSection
	GlobalSection(ProjectConfigurationPlatforms) = postSolution
		{1F573F85-4D69-45A0-8B2C-99D02EB91A11}.Debug|Any CPU.ActiveCfg = Debug|Any CPU
		{1F573F85-4D69-45A0-8B2C-99D02EB91A11}.Debug|Any CPU.Build.0 = Debug|Any CPU
		{1F573F85-4D69-45A0-8B2C-99D02EB91A11}.Release|Any CPU.ActiveCfg = Release|Any CPU
		{1F573F85-4D69-45A0-8B2C-99D02EB91A11}.Release|Any CPU.Build.0 = Release|Any CPU
	EndGlobalSection
	GlobalSection(AvalonStudioProperties) = preSolution
		StartupItem = {1F573F85-4D69-45A0-8B2C-99D02EB91A11}
	EndGlobalSection
EndGlobal
